// !$*UTF8*$!
{
	archiveVersion = 1;
	classes = {
	};
	objectVersion = 46;
	objects = {

/* Begin PBXBuildFile section */
		3E07510B1B6A077100CBE645 /* AppDelegate.swift in Sources */ = {isa = PBXBuildFile; fileRef = 3E07510A1B6A077100CBE645 /* AppDelegate.swift */; };
		3E07510D1B6A077100CBE645 /* ViewController.swift in Sources */ = {isa = PBXBuildFile; fileRef = 3E07510C1B6A077100CBE645 /* ViewController.swift */; };
		3E0751101B6A077100CBE645 /* Main.storyboard in Resources */ = {isa = PBXBuildFile; fileRef = 3E07510E1B6A077100CBE645 /* Main.storyboard */; };
		3E0751121B6A077100CBE645 /* Images.xcassets in Resources */ = {isa = PBXBuildFile; fileRef = 3E0751111B6A077100CBE645 /* Images.xcassets */; };
		3E0751151B6A077100CBE645 /* LaunchScreen.xib in Resources */ = {isa = PBXBuildFile; fileRef = 3E0751131B6A077100CBE645 /* LaunchScreen.xib */; };
		3E0751211B6A077100CBE645 /* simpleAppTests.swift in Sources */ = {isa = PBXBuildFile; fileRef = 3E0751201B6A077100CBE645 /* simpleAppTests.swift */; };
/* End PBXBuildFile section */

/* Begin PBXContainerItemProxy section */
		3E07511B1B6A077100CBE645 /* PBXContainerItemProxy */ = {
			isa = PBXContainerItemProxy;
			containerPortal = 3E0750FD1B6A077100CBE645 /* Project object */;
			proxyType = 1;
			remoteGlobalIDString = 3E0751041B6A077100CBE645;
			remoteInfo = simpleApp;
		};
/* End PBXContainerItemProxy section */

/* Begin PBXFileReference section */
		3E0751051B6A077100CBE645 /* simpleApp.app */ = {isa = PBXFileReference; explicitFileType = wrapper.application; includeInIndex = 0; path = simpleApp.app; sourceTree = BUILT_PRODUCTS_DIR; };
		3E0751091B6A077100CBE645 /* Info.plist */ = {isa = PBXFileReference; lastKnownFileType = text.plist.xml; path = Info.plist; sourceTree = "<group>"; };
		3E07510A1B6A077100CBE645 /* AppDelegate.swift */ = {isa = PBXFileReference; lastKnownFileType = sourcecode.swift; path = AppDelegate.swift; sourceTree = "<group>"; };
		3E07510C1B6A077100CBE645 /* ViewController.swift */ = {isa = PBXFileReference; lastKnownFileType = sourcecode.swift; path = ViewController.swift; sourceTree = "<group>"; };
		3E07510F1B6A077100CBE645 /* Base */ = {isa = PBXFileReference; lastKnownFileType = file.storyboard; name = Base; path = Base.lproj/Main.storyboard; sourceTree = "<group>"; };
		3E0751111B6A077100CBE645 /* Images.xcassets */ = {isa = PBXFileReference; lastKnownFileType = folder.assetcatalog; path = Images.xcassets; sourceTree = "<group>"; };
		3E0751141B6A077100CBE645 /* Base */ = {isa = PBXFileReference; lastKnownFileType = file.xib; name = Base; path = Base.lproj/LaunchScreen.xib; sourceTree = "<group>"; };
		3E07511A1B6A077100CBE645 /* simpleAppTests.xctest */ = {isa = PBXFileReference; explicitFileType = wrapper.cfbundle; includeInIndex = 0; path = simpleAppTests.xctest; sourceTree = BUILT_PRODUCTS_DIR; };
		3E07511F1B6A077100CBE645 /* Info.plist */ = {isa = PBXFileReference; lastKnownFileType = text.plist.xml; path = Info.plist; sourceTree = "<group>"; };
		3E0751201B6A077100CBE645 /* simpleAppTests.swift */ = {isa = PBXFileReference; lastKnownFileType = sourcecode.swift; path = simpleAppTests.swift; sourceTree = "<group>"; };
/* End PBXFileReference section */

/* Begin PBXFrameworksBuildPhase section */
		3E0751021B6A077100CBE645 /* Frameworks */ = {
			isa = PBXFrameworksBuildPhase;
			buildActionMask = 2147483647;
			files = (
			);
			runOnlyForDeploymentPostprocessing = 0;
		};
		3E0751171B6A077100CBE645 /* Frameworks */ = {
			isa = PBXFrameworksBuildPhase;
			buildActionMask = 2147483647;
			files = (
			);
			runOnlyForDeploymentPostprocessing = 0;
		};
/* End PBXFrameworksBuildPhase section */

/* Begin PBXGroup section */
		3E0750FC1B6A077100CBE645 = {
			isa = PBXGroup;
			children = (
				3E0751071B6A077100CBE645 /* simpleApp */,
				3E07511D1B6A077100CBE645 /* simpleAppTests */,
				3E0751061B6A077100CBE645 /* Products */,
			);
			sourceTree = "<group>";
		};
		3E0751061B6A077100CBE645 /* Products */ = {
			isa = PBXGroup;
			children = (
				3E0751051B6A077100CBE645 /* simpleApp.app */,
				3E07511A1B6A077100CBE645 /* simpleAppTests.xctest */,
			);
			name = Products;
			sourceTree = "<group>";
		};
		3E0751071B6A077100CBE645 /* simpleApp */ = {
			isa = PBXGroup;
			children = (
				3E07510A1B6A077100CBE645 /* AppDelegate.swift */,
				3E07510C1B6A077100CBE645 /* ViewController.swift */,
				3E07510E1B6A077100CBE645 /* Main.storyboard */,
				3E0751111B6A077100CBE645 /* Images.xcassets */,
				3E0751131B6A077100CBE645 /* LaunchScreen.xib */,
				3E0751081B6A077100CBE645 /* Supporting Files */,
			);
			path = simpleApp;
			sourceTree = "<group>";
		};
		3E0751081B6A077100CBE645 /* Supporting Files */ = {
			isa = PBXGroup;
			children = (
				3E0751091B6A077100CBE645 /* Info.plist */,
			);
			name = "Supporting Files";
			sourceTree = "<group>";
		};
		3E07511D1B6A077100CBE645 /* simpleAppTests */ = {
			isa = PBXGroup;
			children = (
				3E0751201B6A077100CBE645 /* simpleAppTests.swift */,
				3E07511E1B6A077100CBE645 /* Supporting Files */,
			);
			path = simpleAppTests;
			sourceTree = "<group>";
		};
		3E07511E1B6A077100CBE645 /* Supporting Files */ = {
			isa = PBXGroup;
			children = (
				3E07511F1B6A077100CBE645 /* Info.plist */,
			);
			name = "Supporting Files";
			sourceTree = "<group>";
		};
/* End PBXGroup section */

/* Begin PBXNativeTarget section */
		3E0751041B6A077100CBE645 /* simpleApp */ = {
			isa = PBXNativeTarget;
			buildConfigurationList = 3E0751241B6A077100CBE645 /* Build configuration list for PBXNativeTarget "simpleApp" */;
			buildPhases = (
				3E0751011B6A077100CBE645 /* Sources */,
				3E0751021B6A077100CBE645 /* Frameworks */,
				3E0751031B6A077100CBE645 /* Resources */,
			);
			buildRules = (
			);
			dependencies = (
			);
			name = simpleApp;
			productName = simpleApp;
			productReference = 3E0751051B6A077100CBE645 /* simpleApp.app */;
			productType = "com.apple.product-type.application";
		};
		3E0751191B6A077100CBE645 /* simpleAppTests */ = {
			isa = PBXNativeTarget;
			buildConfigurationList = 3E0751271B6A077100CBE645 /* Build configuration list for PBXNativeTarget "simpleAppTests" */;
			buildPhases = (
				3E0751161B6A077100CBE645 /* Sources */,
				3E0751171B6A077100CBE645 /* Frameworks */,
				3E0751181B6A077100CBE645 /* Resources */,
			);
			buildRules = (
			);
			dependencies = (
				3E07511C1B6A077100CBE645 /* PBXTargetDependency */,
			);
			name = simpleAppTests;
			productName = simpleAppTests;
			productReference = 3E07511A1B6A077100CBE645 /* simpleAppTests.xctest */;
			productType = "com.apple.product-type.bundle.unit-test";
		};
/* End PBXNativeTarget section */

/* Begin PBXProject section */
		3E0750FD1B6A077100CBE645 /* Project object */ = {
			isa = PBXProject;
			attributes = {
				LastUpgradeCheck = 0640;
				ORGANIZATIONNAME = "Self Taught iOS";
				TargetAttributes = {
					3E0751041B6A077100CBE645 = {
						CreatedOnToolsVersion = 6.4;
					};
					3E0751191B6A077100CBE645 = {
						CreatedOnToolsVersion = 6.4;
						TestTargetID = 3E0751041B6A077100CBE645;
					};
				};
			};
			buildConfigurationList = 3E0751001B6A077100CBE645 /* Build configuration list for PBXProject "simpleApp" */;
			compatibilityVersion = "Xcode 3.2";
			developmentRegion = English;
			hasScannedForEncodings = 0;
			knownRegions = (
				en,
				Base,
			);
			mainGroup = 3E0750FC1B6A077100CBE645;
			productRefGroup = 3E0751061B6A077100CBE645 /* Products */;
			projectDirPath = "";
			projectRoot = "";
			targets = (
				3E0751041B6A077100CBE645 /* simpleApp */,
				3E0751191B6A077100CBE645 /* simpleAppTests */,
			);
		};
/* End PBXProject section */

/* Begin PBXResourcesBuildPhase section */
		3E0751031B6A077100CBE645 /* Resources */ = {
			isa = PBXResourcesBuildPhase;
			buildActionMask = 2147483647;
			files = (
				3E0751101B6A077100CBE645 /* Main.storyboard in Resources */,
				3E0751151B6A077100CBE645 /* LaunchScreen.xib in Resources */,
				3E0751121B6A077100CBE645 /* Images.xcassets in Resources */,
			);
			runOnlyForDeploymentPostprocessing = 0;
		};
		3E0751181B6A077100CBE645 /* Resources */ = {
			isa = PBXResourcesBuildPhase;
			buildActionMask = 2147483647;
			files = (
			);
			runOnlyForDeploymentPostprocessing = 0;
		};
/* End PBXResourcesBuildPhase section */

/* Begin PBXSourcesBuildPhase section */
		3E0751011B6A077100CBE645 /* Sources */ = {
			isa = PBXSourcesBuildPhase;
			buildActionMask = 2147483647;
			files = (
				3E07510D1B6A077100CBE645 /* ViewController.swift in Sources */,
				3E07510B1B6A077100CBE645 /* AppDelegate.swift in Sources */,
			);
			runOnlyForDeploymentPostprocessing = 0;
		};
		3E0751161B6A077100CBE645 /* Sources */ = {
			isa = PBXSourcesBuildPhase;
			buildActionMask = 2147483647;
			files = (
				3E0751211B6A077100CBE645 /* simpleAppTests.swift in Sources */,
			);
			runOnlyForDeploymentPostprocessing = 0;
		};
/* End PBXSourcesBuildPhase section */

/* Begin PBXTargetDependency section */
		3E07511C1B6A077100CBE645 /* PBXTargetDependency */ = {
			isa = PBXTargetDependency;
			target = 3E0751041B6A077100CBE645 /* simpleApp */;
			targetProxy = 3E07511B1B6A077100CBE645 /* PBXContainerItemProxy */;
		};
/* End PBXTargetDependency section */

/* Begin PBXVariantGroup section */
		3E07510E1B6A077100CBE645 /* Main.storyboard */ = {
			isa = PBXVariantGroup;
			children = (
				3E07510F1B6A077100CBE645 /* Base */,
			);
			name = Main.storyboard;
			sourceTree = "<group>";
		};
		3E0751131B6A077100CBE645 /* LaunchScreen.xib */ = {
			isa = PBXVariantGroup;
			children = (
				3E0751141B6A077100CBE645 /* Base */,
			);
			name = LaunchScreen.xib;
			sourceTree = "<group>";
		};
/* End PBXVariantGroup section */

/* Begin XCBuildConfiguration section */
		3E0751221B6A077100CBE645 /* Debug */ = {
			isa = XCBuildConfiguration;
			buildSettings = {
				ALWAYS_SEARCH_USER_PATHS = NO;
				CLANG_CXX_LANGUAGE_STANDARD = "gnu++0x";
				CLANG_CXX_LIBRARY = "libc++";
				CLANG_ENABLE_MODULES = YES;
				CLANG_ENABLE_OBJC_ARC = YES;
				CLANG_WARN_BOOL_CONVERSION = YES;
				CLANG_WARN_CONSTANT_CONVERSION = YES;
				CLANG_WARN_DIRECT_OBJC_ISA_USAGE = YES_ERROR;
				CLANG_WARN_EMPTY_BODY = YES;
				CLANG_WARN_ENUM_CONVERSION = YES;
				CLANG_WARN_INT_CONVERSION = YES;
				CLANG_WARN_OBJC_ROOT_CLASS = YES_ERROR;
				CLANG_WARN_UNREACHABLE_CODE = YES;
				CLANG_WARN__DUPLICATE_METHOD_MATCH = YES;
				"CODE_SIGN_IDENTITY[sdk=iphoneos*]" = "iPhone Developer";
				COPY_PHASE_STRIP = NO;
				DEBUG_INFORMATION_FORMAT = "dwarf-with-dsym";
				ENABLE_STRICT_OBJC_MSGSEND = YES;
				GCC_C_LANGUAGE_STANDARD = gnu99;
				GCC_DYNAMIC_NO_PIC = NO;
				GCC_NO_COMMON_BLOCKS = YES;
				GCC_OPTIMIZATION_LEVEL = 0;
				GCC_PREPROCESSOR_DEFINITIONS = (
					"DEBUG=1",
					"$(inherited)",
				);
				GCC_SYMBOLS_PRIVATE_EXTERN = NO;
				GCC_WARN_64_TO_32_BIT_CONVERSION = YES;
				GCC_WARN_ABOUT_RETURN_TYPE = YES_ERROR;
				GCC_WARN_UNDECLARED_SELECTOR = YES;
				GCC_WARN_UNINITIALIZED_AUTOS = YES_AGGRESSIVE;
				GCC_WARN_UNUSED_FUNCTION = YES;
				GCC_WARN_UNUSED_VARIABLE = YES;
				IPHONEOS_DEPLOYMENT_TARGET = 8.4;
				MTL_ENABLE_DEBUG_INFO = YES;
				ONLY_ACTIVE_ARCH = YES;
				SDKROOT = iphoneos;
				SWIFT_OPTIMIZATION_LEVEL = "-Onone";
			};
			name = Debug;
		};
		3E0751231B6A077100CBE645 /* Release */ = {
			isa = XCBuildConfiguration;
			buildSettings = {
				ALWAYS_SEARCH_USER_PATHS = NO;
				CLANG_CXX_LANGUAGE_STANDARD = "gnu++0x";
				CLANG_CXX_LIBRARY = "libc++";
				CLANG_ENABLE_MODULES = YES;
				CLANG_ENABLE_OBJC_ARC = YES;
				CLANG_WARN_BOOL_CONVERSION = YES;
				CLANG_WARN_CONSTANT_CONVERSION = YES;
				CLANG_WARN_DIRECT_OBJC_ISA_USAGE = YES_ERROR;
				CLANG_WARN_EMPTY_BODY = YES;
				CLANG_WARN_ENUM_CONVERSION = YES;
				CLANG_WARN_INT_CONVERSION = YES;
				CLANG_WARN_OBJC_ROOT_CLASS = YES_ERROR;
				CLANG_WARN_UNREACHABLE_CODE = YES;
				CLANG_WARN__DUPLICATE_METHOD_MATCH = YES;
				"CODE_SIGN_IDENTITY[sdk=iphoneos*]" = "iPhone Developer";
				COPY_PHASE_STRIP = NO;
				DEBUG_INFORMATION_FORMAT = "dwarf-with-dsym";
				ENABLE_NS_ASSERTIONS = NO;
				ENABLE_STRICT_OBJC_MSGSEND = YES;
				GCC_C_LANGUAGE_STANDARD = gnu99;
				GCC_NO_COMMON_BLOCKS = YES;
				GCC_WARN_64_TO_32_BIT_CONVERSION = YES;
				GCC_WARN_ABOUT_RETURN_TYPE = YES_ERROR;
				GCC_WARN_UNDECLARED_SELECTOR = YES;
				GCC_WARN_UNINITIALIZED_AUTOS = YES_AGGRESSIVE;
				GCC_WARN_UNUSED_FUNCTION = YES;
				GCC_WARN_UNUSED_VARIABLE = YES;
				IPHONEOS_DEPLOYMENT_TARGET = 8.4;
				MTL_ENABLE_DEBUG_INFO = NO;
				SDKROOT = iphoneos;
				VALIDATE_PRODUCT = YES;
			};
			name = Release;
		};
		3E0751251B6A077100CBE645 /* Debug */ = {
			isa = XCBuildConfiguration;
			buildSettings = {
				ASSETCATALOG_COMPILER_APPICON_NAME = AppIcon;
				INFOPLIST_FILE = simpleApp/Info.plist;
				LD_RUNPATH_SEARCH_PATHS = "$(inherited) @executable_path/Frameworks";
				PRODUCT_NAME = "$(TARGET_NAME)";
			};
			name = Debug;
		};
		3E0751261B6A077100CBE645 /* Release */ = {
			isa = XCBuildConfiguration;
			buildSettings = {
				ASSETCATALOG_COMPILER_APPICON_NAME = AppIcon;
				INFOPLIST_FILE = simpleApp/Info.plist;
				LD_RUNPATH_SEARCH_PATHS = "$(inherited) @executable_path/Frameworks";
				PRODUCT_NAME = "$(TARGET_NAME)";
			};
			name = Release;
		};
		3E0751281B6A077100CBE645 /* Debug */ = {
			isa = XCBuildConfiguration;
			buildSettings = {
				BUNDLE_LOADER = "$(TEST_HOST)";
				FRAMEWORK_SEARCH_PATHS = (
					"$(SDKROOT)/Developer/Library/Frameworks",
					"$(inherited)",
				);
				GCC_PREPROCESSOR_DEFINITIONS = (
					"DEBUG=1",
					"$(inherited)",
				);
				INFOPLIST_FILE = simpleAppTests/Info.plist;
				LD_RUNPATH_SEARCH_PATHS = "$(inherited) @executable_path/Frameworks @loader_path/Frameworks";
				PRODUCT_NAME = "$(TARGET_NAME)";
				TEST_HOST = "$(BUILT_PRODUCTS_DIR)/simpleApp.app/simpleApp";
			};
			name = Debug;
		};
		3E0751291B6A077100CBE645 /* Release */ = {
			isa = XCBuildConfiguration;
			buildSettings = {
				BUNDLE_LOADER = "$(TEST_HOST)";
				FRAMEWORK_SEARCH_PATHS = (
					"$(SDKROOT)/Developer/Library/Frameworks",
					"$(inherited)",
				);
				INFOPLIST_FILE = simpleAppTests/Info.plist;
				LD_RUNPATH_SEARCH_PATHS = "$(inherited) @executable_path/Frameworks @loader_path/Frameworks";
				PRODUCT_NAME = "$(TARGET_NAME)";
				TEST_HOST = "$(BUILT_PRODUCTS_DIR)/simpleApp.app/simpleApp";
			};
			name = Release;
		};
/* End XCBuildConfiguration section */

/* Begin XCConfigurationList section */
		3E0751001B6A077100CBE645 /* Build configuration list for PBXProject "simpleApp" */ = {
			isa = XCConfigurationList;
			buildConfigurations = (
				3E0751221B6A077100CBE645 /* Debug */,
				3E0751231B6A077100CBE645 /* Release */,
			);
			defaultConfigurationIsVisible = 0;
			defaultConfigurationName = Release;
		};
		3E0751241B6A077100CBE645 /* Build configuration list for PBXNativeTarget "simpleApp" */ = {
			isa = XCConfigurationList;
			buildConfigurations = (
				3E0751251B6A077100CBE645 /* Debug */,
				3E0751261B6A077100CBE645 /* Release */,
			);
			defaultConfigurationIsVisible = 0;
		};
		3E0751271B6A077100CBE645 /* Build configuration list for PBXNativeTarget "simpleAppTests" */ = {
			isa = XCConfigurationList;
			buildConfigurations = (
				3E0751281B6A077100CBE645 /* Debug */,
				3E0751291B6A077100CBE645 /* Release */,
			);
			defaultConfigurationIsVisible = 0;
		};
/* End XCConfigurationList section */
	};
	rootObject = 3E0750FD1B6A077100CBE645 /* Project object */;
}
